<?xml version="1.0" encoding="utf-8"?>
<Project ToolsVersion="4.0" xmlns="http://schemas.microsoft.com/developer/msbuild/2003">
  <ItemGroup>
    <Filter Include="源文件">
      <UniqueIdentifier>{4FC737F1-C7A5-4376-A066-2A32D752A2FF}</UniqueIdentifier>
      <Extensions>cpp;c;cc;cxx;def;odl;idl;hpj;bat;asm;asmx</Extensions>
    </Filter>
    <Filter Include="头文件">
      <UniqueIdentifier>{93995380-89BD-4b04-88EB-625FBE52EBFB}</UniqueIdentifier>
      <Extensions>h;hh;hpp;hxx;hm;inl;inc;ipp;xsd</Extensions>
    </Filter>
    <Filter Include="资源文件">
      <UniqueIdentifier>{67DA6AB6-F800-4c08-8B7A-83BB121AAD01}</UniqueIdentifier>
      <Extensions>rc;ico;cur;bmp;dlg;rc2;rct;bin;rgs;gif;jpg;jpeg;jpe;resx;tiff;tif;png;wav;mfcribbon-ms</Extensions>
    </Filter>
    <Filter Include="源文件\HTTP">
      <UniqueIdentifier>{3ba87d7f-8636-4555-b134-d6b84bb018b3}</UniqueIdentifier>
    </Filter>
  </ItemGroup>
  <ItemGroup>
    <ClCompile Include="ComputerNetworkExperiment.cpp">
      <Filter>源文件</Filter>
    </ClCompile>
    <ClCompile Include="HTTP\server.cpp">
      <Filter>源文件\HTTP</Filter>
    </ClCompile>
    <ClCompile Include="http\request.cpp">
      <Filter>源文件</Filter>
    </ClCompile>
    <ClCompile Include="logger.cpp">
      <Filter>源文件</Filter>
    </ClCompile>
    <ClCompile Include="http\response.cpp">
      <Filter>源文件</Filter>
    </ClCompile>
    <ClCompile Include="http\methods.cpp">
      <Filter>源文件</Filter>
    </ClCompile>
    <ClCompile Include="utils.cpp">
      <Filter>源文件</Filter>
    </ClCompile>
    <ClCompile Include="file_system.cpp">
      <Filter>源文件</Filter>
    </ClCompile>
    <ClCompile Include="template_loader.cpp">
      <Filter>源文件</Filter>
    </ClCompile>
    <ClCompile Include="handler.cpp">
      <Filter>源文件</Filter>
    </ClCompile>
    <ClCompile Include="smtp\client.cpp">
      <Filter>源文件</Filter>
    </ClCompile>
    <ClCompile Include="smtp\auth.cpp">
      <Filter>源文件</Filter>
    </ClCompile>
    <ClCompile Include="smtp\session.cpp">
      <Filter>源文件</Filter>
    </ClCompile>
  </ItemGroup>
  <ItemGroup>
    <ClInclude Include="HTTP\server.h">
      <Filter>头文件</Filter>
    </ClInclude>
    <ClInclude Include="http\request.h">
      <Filter>头文件</Filter>
    </ClInclude>
    <ClInclude Include="logger.h">
      <Filter>头文件</Filter>
    </ClInclude>
    <ClInclude Include="http\response.h">
      <Filter>头文件</Filter>
    </ClInclude>
    <ClInclude Include="http\methods.h">
      <Filter>头文件</Filter>
    </ClInclude>
    <ClInclude Include="utils.h">
      <Filter>头文件</Filter>
    </ClInclude>
    <ClInclude Include="message_queue.h">
      <Filter>头文件</Filter>
    </ClInclude>
    <ClInclude Include="mail.h">
      <Filter>头文件</Filter>
    </ClInclude>
    <ClInclude Include="file_system.h">
      <Filter>头文件</Filter>
    </ClInclude>
    <ClInclude Include="template_loader.h">
      <Filter>头文件</Filter>
    </ClInclude>
    <ClInclude Include="handler.h">
      <Filter>头文件</Filter>
    </ClInclude>
    <ClInclude Include="smtp\client.h">
      <Filter>头文件</Filter>
    </ClInclude>
    <ClInclude Include="smtp\auth.h">
      <Filter>头文件</Filter>
    </ClInclude>
    <ClInclude Include="smtp\session.h">
      <Filter>头文件</Filter>
    </ClInclude>
  </ItemGroup>
  <ItemGroup>
    <None Include="templates\index.html" />
  </ItemGroup>
</Project>